
Microsoft Visual Studio Solution File, Format Version 11.00
# Visual Studio 2010
Project("{FAE04EC0-301F-11D3-BF4B-00C04F79EFBC}") = "Register", "Register\Register.csproj", "{2B5A3007-0132-448A-90E7-C67423A5C23A}"
EndProject
Project("{FAE04EC0-301F-11D3-BF4B-00C04F79EFBC}") = "Register.Tests", "Register.Tests\Register.Tests.csproj", "{390F19F9-0517-42C3-9C24-28F91E6B304B}"
EndProject
Global
	GlobalSection(SolutionConfigurationPlatforms) = preSolution
		Debug|Any CPU = Debug|Any CPU
		Release|Any CPU = Release|Any CPU
	EndGlobalSection
	GlobalSection(ProjectConfigurationPlatforms) = postSolution
		{2B5A3007-0132-448A-90E7-C67423A5C23A}.Debug|Any CPU.ActiveCfg = Debug|Any CPU
		{2B5A3007-0132-448A-90E7-C67423A5C23A}.Debug|Any CPU.Build.0 = Debug|Any CPU
		{2B5A3007-0132-448A-90E7-C67423A5C23A}.Release|Any CPU.ActiveCfg = Release|Any CPU
		{2B5A3007-0132-448A-90E7-C67423A5C23A}.Release|Any CPU.Build.0 = Release|Any CPU
		{390F19F9-0517-42C3-9C24-28F91E6B304B}.Debug|Any CPU.ActiveCfg = Debug|Any CPU
		{390F19F9-0517-42C3-9C24-28F91E6B304B}.Debug|Any CPU.Build.0 = Debug|Any CPU
		{390F19F9-0517-42C3-9C24-28F91E6B304B}.Release|Any CPU.ActiveCfg = Release|Any CPU
		{390F19F9-0517-42C3-9C24-28F91E6B304B}.Release|Any CPU.Build.0 = Release|Any CPU
	EndGlobalSection
	GlobalSection(SolutionProperties) = preSolution
		HideSolutionNode = FALSE
	EndGlobalSection
EndGlobal
